
Microsoft Visual Studio Solution File, Format Version 12.00
# Visual Studio 14
VisualStudioVersion = 14.0.23107.0
MinimumVisualStudioVersion = 10.0.40219.1
Project("{FAE04EC0-301F-11D3-BF4B-00C04F79EFBC}") = "Picofy", "Picofy\Picofy.csproj", "{B89EE40D-977C-4558-AD3A-29DA65D575B2}"
EndProject
Project("{FAE04EC0-301F-11D3-BF4B-00C04F79EFBC}") = "TRock.Music", "TRock\TRock.Music\TRock.Music.csproj", "{E4459604-7CCC-4F65-A533-37A727DC7F10}"
EndProject
Project("{2150E333-8FDC-42A3-9474-1A3956D46DE8}") = "TRock", "TRock", "{FB62D3F1-D2D4-4071-869C-1214EE8CAA3E}"
EndProject
Project("{FAE04EC0-301F-11D3-BF4B-00C04F79EFBC}") = "TRock.Music.Torshify", "TRock\TRock.Music.Torshify\TRock.Music.Torshify.csproj", "{FC2702F2-89D3-45AF-A427-CCC8D6F3361D}"
EndProject
Project("{2150E333-8FDC-42A3-9474-1A3956D46DE8}") = "Lib", "Lib", "{2CE756D0-A2B3-4850-9801-0C178A7C372F}"
	ProjectSection(SolutionItems) = preProject
		TRock\Lib\libspotify.dll = TRock\Lib\libspotify.dll
	EndProjectSection
EndProject
Global
	GlobalSection(SolutionConfigurationPlatforms) = preSolution
		Debug|Any CPU = Debug|Any CPU
		Debug|x86 = Debug|x86
		Release|Any CPU = Release|Any CPU
		Release|x86 = Release|x86
	EndGlobalSection
	GlobalSection(ProjectConfigurationPlatforms) = postSolution
		{B89EE40D-977C-4558-AD3A-29DA65D575B2}.Debug|Any CPU.ActiveCfg = Debug|Any CPU
		{B89EE40D-977C-4558-AD3A-29DA65D575B2}.Debug|Any CPU.Build.0 = Debug|Any CPU
		{B89EE40D-977C-4558-AD3A-29DA65D575B2}.Debug|x86.ActiveCfg = Debug|Any CPU
		{B89EE40D-977C-4558-AD3A-29DA65D575B2}.Debug|x86.Build.0 = Debug|Any CPU
		{B89EE40D-977C-4558-AD3A-29DA65D575B2}.Release|Any CPU.ActiveCfg = Release|Any CPU
		{B89EE40D-977C-4558-AD3A-29DA65D575B2}.Release|Any CPU.Build.0 = Release|Any CPU
		{B89EE40D-977C-4558-AD3A-29DA65D575B2}.Release|x86.ActiveCfg = Release|Any CPU
		{B89EE40D-977C-4558-AD3A-29DA65D575B2}.Release|x86.Build.0 = Release|Any CPU
		{E4459604-7CCC-4F65-A533-37A727DC7F10}.Debug|Any CPU.ActiveCfg = Debug|Any CPU
		{E4459604-7CCC-4F65-A533-37A727DC7F10}.Debug|Any CPU.Build.0 = Debug|Any CPU
		{E4459604-7CCC-4F65-A533-37A727DC7F10}.Debug|x86.ActiveCfg = Debug|Any CPU
		{E4459604-7CCC-4F65-A533-37A727DC7F10}.Debug|x86.Build.0 = Debug|Any CPU
		{E4459604-7CCC-4F65-A533-37A727DC7F10}.Release|Any CPU.ActiveCfg = Release|Any CPU
		{E4459604-7CCC-4F65-A533-37A727DC7F10}.Release|Any CPU.Build.0 = Release|Any CPU
		{E4459604-7CCC-4F65-A533-37A727DC7F10}.Release|x86.ActiveCfg = Release|Any CPU
		{E4459604-7CCC-4F65-A533-37A727DC7F10}.Release|x86.Build.0 = Release|Any CPU
		{FC2702F2-89D3-45AF-A427-CCC8D6F3361D}.Debug|Any CPU.ActiveCfg = Debug|Any CPU
		{FC2702F2-89D3-45AF-A427-CCC8D6F3361D}.Debug|Any CPU.Build.0 = Debug|Any CPU
		{FC2702F2-89D3-45AF-A427-CCC8D6F3361D}.Debug|x86.ActiveCfg = Debug|Any CPU
		{FC2702F2-89D3-45AF-A427-CCC8D6F3361D}.Debug|x86.Build.0 = Debug|Any CPU
		{FC2702F2-89D3-45AF-A427-CCC8D6F3361D}.Release|Any CPU.ActiveCfg = Release|Any CPU
		{FC2702F2-89D3-45AF-A427-CCC8D6F3361D}.Release|Any CPU.Build.0 = Release|Any CPU
		{FC2702F2-89D3-45AF-A427-CCC8D6F3361D}.Release|x86.ActiveCfg = Release|Any CPU
		{FC2702F2-89D3-45AF-A427-CCC8D6F3361D}.Release|x86.Build.0 = Release|Any CPU
	EndGlobalSection
	GlobalSection(SolutionProperties) = preSolution
		HideSolutionNode = FALSE
	EndGlobalSection
	GlobalSection(NestedProjects) = preSolution
		{E4459604-7CCC-4F65-A533-37A727DC7F10} = {FB62D3F1-D2D4-4071-869C-1214EE8CAA3E}
		{FC2702F2-89D3-45AF-A427-CCC8D6F3361D} = {FB62D3F1-D2D4-4071-869C-1214EE8CAA3E}
		{2CE756D0-A2B3-4850-9801-0C178A7C372F} = {FB62D3F1-D2D4-4071-869C-1214EE8CAA3E}
	EndGlobalSection
EndGlobal
